// !$*UTF8*$!
{
	archiveVersion = 1;
	classes = {
	};
	objectVersion = 46;
	objects = {

/* Begin PBXBuildFile section */
		D8FF562D1E69AD9D00A99B75 /* AppDelegate.swift in Sources */ = {isa = PBXBuildFile; fileRef = D8FF562C1E69AD9D00A99B75 /* AppDelegate.swift */; };
		D8FF562F1E69AD9D00A99B75 /* ViewController.swift in Sources */ = {isa = PBXBuildFile; fileRef = D8FF562E1E69AD9D00A99B75 /* ViewController.swift */; };
		D8FF56321E69AD9D00A99B75 /* Main.storyboard in Resources */ = {isa = PBXBuildFile; fileRef = D8FF56301E69AD9D00A99B75 /* Main.storyboard */; };
		D8FF56341E69AD9D00A99B75 /* Assets.xcassets in Resources */ = {isa = PBXBuildFile; fileRef = D8FF56331E69AD9D00A99B75 /* Assets.xcassets */; };
		D8FF56371E69AD9D00A99B75 /* LaunchScreen.storyboard in Resources */ = {isa = PBXBuildFile; fileRef = D8FF56351E69AD9D00A99B75 /* LaunchScreen.storyboard */; };
/* End PBXBuildFile section */

/* Begin PBXFileReference section */
		D8FF56291E69AD9D00A99B75 /* TAGTaxiService.app */ = {isa = PBXFileReference; explicitFileType = wrapper.application; includeInIndex = 0; path = TAGTaxiService.app; sourceTree = BUILT_PRODUCTS_DIR; };
		D8FF562C1E69AD9D00A99B75 /* AppDelegate.swift */ = {isa = PBXFileReference; lastKnownFileType = sourcecode.swift; path = AppDelegate.swift; sourceTree = "<group>"; };
		D8FF562E1E69AD9D00A99B75 /* ViewController.swift */ = {isa = PBXFileReference; lastKnownFileType = sourcecode.swift; path = ViewController.swift; sourceTree = "<group>"; };
		D8FF56311E69AD9D00A99B75 /* Base */ = {isa = PBXFileReference; lastKnownFileType = file.storyboard; name = Base; path = Base.lproj/Main.storyboard; sourceTree = "<group>"; };
		D8FF56331E69AD9D00A99B75 /* Assets.xcassets */ = {isa = PBXFileReference; lastKnownFileType = folder.assetcatalog; path = Assets.xcassets; sourceTree = "<group>"; };
		D8FF56361E69AD9D00A99B75 /* Base */ = {isa = PBXFileReference; lastKnownFileType = file.storyboard; name = Base; path = Base.lproj/LaunchScreen.storyboard; sourceTree = "<group>"; };
		D8FF56381E69AD9D00A99B75 /* Info.plist */ = {isa = PBXFileReference; lastKnownFileType = text.plist.xml; path = Info.plist; sourceTree = "<group>"; };
/* End PBXFileReference section */

/* Begin PBXFrameworksBuildPhase section */
		D8FF56261E69AD9D00A99B75 /* Frameworks */ = {
			isa = PBXFrameworksBuildPhase;
			buildActionMask = 2147483647;
			files = (
			);
			runOnlyForDeploymentPostprocessing = 0;
		};
/* End PBXFrameworksBuildPhase section */

/* Begin PBXGroup section */
		D8FF56201E69AD9D00A99B75 = {
			isa = PBXGroup;
			children = (
				D8FF562B1E69AD9D00A99B75 /* TAGTaxiService */,
				D8FF562A1E69AD9D00A99B75 /* Products */,
			);
			sourceTree = "<group>";
		};
		D8FF562A1E69AD9D00A99B75 /* Products */ = {
			isa = PBXGroup;
			children = (
				D8FF56291E69AD9D00A99B75 /* TAGTaxiService.app */,
			);
			name = Products;
			sourceTree = "<group>";
		};
		D8FF562B1E69AD9D00A99B75 /* TAGTaxiService */ = {
			isa = PBXGroup;
			children = (
				D8FF562C1E69AD9D00A99B75 /* AppDelegate.swift */,
				D8FF562E1E69AD9D00A99B75 /* ViewController.swift */,
				D8FF56301E69AD9D00A99B75 /* Main.storyboard */,
				D8FF56331E69AD9D00A99B75 /* Assets.xcassets */,
				D8FF56351E69AD9D00A99B75 /* LaunchScreen.storyboard */,
				D8FF56381E69AD9D00A99B75 /* Info.plist */,
			);
			path = TAGTaxiService;
			sourceTree = "<group>";
		};
/* End PBXGroup section */

/* Begin PBXNativeTarget section */
		D8FF56281E69AD9D00A99B75 /* TAGTaxiService */ = {
			isa = PBXNativeTarget;
			buildConfigurationList = D8FF563B1E69AD9D00A99B75 /* Build configuration list for PBXNativeTarget "TAGTaxiService" */;
			buildPhases = (
				D8FF56251E69AD9D00A99B75 /* Sources */,
				D8FF56261E69AD9D00A99B75 /* Frameworks */,
				D8FF56271E69AD9D00A99B75 /* Resources */,
			);
			buildRules = (
			);
			dependencies = (
			);
			name = TAGTaxiService;
			productName = TAGTaxiService;
			productReference = D8FF56291E69AD9D00A99B75 /* TAGTaxiService.app */;
			productType = "com.apple.product-type.application";
		};
/* End PBXNativeTarget section */

/* Begin PBXProject section */
		D8FF56211E69AD9D00A99B75 /* Project object */ = {
			isa = PBXProject;
			attributes = {
				LastSwiftUpdateCheck = 0820;
				LastUpgradeCheck = 0820;
				ORGANIZATIONNAME = "Arun Lakhera";
				TargetAttributes = {
					D8FF56281E69AD9D00A99B75 = {
						CreatedOnToolsVersion = 8.2.1;
						DevelopmentTeam = F889M77EY9;
						ProvisioningStyle = Automatic;
					};
				};
			};
			buildConfigurationList = D8FF56241E69AD9D00A99B75 /* Build configuration list for PBXProject "TAGTaxiService" */;
			compatibilityVersion = "Xcode 3.2";
			developmentRegion = English;
			hasScannedForEncodings = 0;
			knownRegions = (
				en,
				Base,
			);
			mainGroup = D8FF56201E69AD9D00A99B75;
			productRefGroup = D8FF562A1E69AD9D00A99B75 /* Products */;
			projectDirPath = "";
			projectRoot = "";
			targets = (
				D8FF56281E69AD9D00A99B75 /* TAGTaxiService */,
			);
		};
/* End PBXProject section */

/* Begin PBXResourcesBuildPhase section */
		D8FF56271E69AD9D00A99B75 /* Resources */ = {
			isa = PBXResourcesBuildPhase;
			buildActionMask = 2147483647;
			files = (
				D8FF56371E69AD9D00A99B75 /* LaunchScreen.storyboard in Resources */,
				D8FF56341E69AD9D00A99B75 /* Assets.xcassets in Resources */,
				D8FF56321E69AD9D00A99B75 /* Main.storyboard in Resources */,
			);
			runOnlyForDeploymentPostprocessing = 0;
		};
/* End PBXResourcesBuildPhase section */

/* Begin PBXSourcesBuildPhase section */
		D8FF56251E69AD9D00A99B75 /* Sources */ = {
			isa = PBXSourcesBuildPhase;
			buildActionMask = 2147483647;
			files = (
				D8FF562F1E69AD9D00A99B75 /* ViewController.swift in Sources */,
				D8FF562D1E69AD9D00A99B75 /* AppDelegate.swift in Sources */,
			);
			runOnlyForDeploymentPostprocessing = 0;
		};
/* End PBXSourcesBuildPhase section */

/* Begin PBXVariantGroup section */
		D8FF56301E69AD9D00A99B75 /* Main.storyboard */ = {
			isa = PBXVariantGroup;
			children = (
				D8FF56311E69AD9D00A99B75 /* Base */,
			);
			name = Main.storyboard;
			sourceTree = "<group>";
		};
		D8FF56351E69AD9D00A99B75 /* LaunchScreen.storyboard */ = {
			isa = PBXVariantGroup;
			children = (
				D8FF56361E69AD9D00A99B75 /* Base */,
			);
			name = LaunchScreen.storyboard;
			sourceTree = "<group>";
		};
/* End PBXVariantGroup section */

/* Begin XCBuildConfiguration section */
		D8FF56391E69AD9D00A99B75 /* Debug */ = {
			isa = XCBuildConfiguration;
			buildSettings = {
				ALWAYS_SEARCH_USER_PATHS = NO;
				CLANG_ANALYZER_NONNULL = YES;
				CLANG_CXX_LANGUAGE_STANDARD = "gnu++0x";
				CLANG_CXX_LIBRARY = "libc++";
				CLANG_ENABLE_MODULES = YES;
				CLANG_ENABLE_OBJC_ARC = YES;
				CLANG_WARN_BOOL_CONVERSION = YES;
				CLANG_WARN_CONSTANT_CONVERSION = YES;
				CLANG_WARN_DIRECT_OBJC_ISA_USAGE = YES_ERROR;
				CLANG_WARN_DOCUMENTATION_COMMENTS = YES;
				CLANG_WARN_EMPTY_BODY = YES;
				CLANG_WARN_ENUM_CONVERSION = YES;
				CLANG_WARN_INFINITE_RECURSION = YES;
				CLANG_WARN_INT_CONVERSION = YES;
				CLANG_WARN_OBJC_ROOT_CLASS = YES_ERROR;
				CLANG_WARN_SUSPICIOUS_MOVE = YES;
				CLANG_WARN_UNREACHABLE_CODE = YES;
				CLANG_WARN__DUPLICATE_METHOD_MATCH = YES;
				"CODE_SIGN_IDENTITY[sdk=iphoneos*]" = "iPhone Developer";
				COPY_PHASE_STRIP = NO;
				DEBUG_INFORMATION_FORMAT = dwarf;
				ENABLE_STRICT_OBJC_MSGSEND = YES;
				ENABLE_TESTABILITY = YES;
				GCC_C_LANGUAGE_STANDARD = gnu99;
				GCC_DYNAMIC_NO_PIC = NO;
				GCC_NO_COMMON_BLOCKS = YES;
				GCC_OPTIMIZATION_LEVEL = 0;
				GCC_PREPROCESSOR_DEFINITIONS = (
					"DEBUG=1",
					"$(inherited)",
				);
				GCC_WARN_64_TO_32_BIT_CONVERSION = YES;
				GCC_WARN_ABOUT_RETURN_TYPE = YES_ERROR;
				GCC_WARN_UNDECLARED_SELECTOR = YES;
				GCC_WARN_UNINITIALIZED_AUTOS = YES_AGGRESSIVE;
				GCC_WARN_UNUSED_FUNCTION = YES;
				GCC_WARN_UNUSED_VARIABLE = YES;
				IPHONEOS_DEPLOYMENT_TARGET = 10.2;
				MTL_ENABLE_DEBUG_INFO = YES;
				ONLY_ACTIVE_ARCH = YES;
				SDKROOT = iphoneos;
				SWIFT_ACTIVE_COMPILATION_CONDITIONS = DEBUG;
				SWIFT_OPTIMIZATION_LEVEL = "-Onone";
			};
			name = Debug;
		};
		D8FF563A1E69AD9D00A99B75 /* Release */ = {
			isa = XCBuildConfiguration;
			buildSettings = {
				ALWAYS_SEARCH_USER_PATHS = NO;
				CLANG_ANALYZER_NONNULL = YES;
				CLANG_CXX_LANGUAGE_STANDARD = "gnu++0x";
				CLANG_CXX_LIBRARY = "libc++";
				CLANG_ENABLE_MODULES = YES;
				CLANG_ENABLE_OBJC_ARC = YES;
				CLANG_WARN_BOOL_CONVERSION = YES;
				CLANG_WARN_CONSTANT_CONVERSION = YES;
				CLANG_WARN_DIRECT_OBJC_ISA_USAGE = YES_ERROR;
				CLANG_WARN_DOCUMENTATION_COMMENTS = YES;
				CLANG_WARN_EMPTY_BODY = YES;
				CLANG_WARN_ENUM_CONVERSION = YES;
				CLANG_WARN_INFINITE_RECURSION = YES;
				CLANG_WARN_INT_CONVERSION = YES;
				CLANG_WARN_OBJC_ROOT_CLASS = YES_ERROR;
				CLANG_WARN_SUSPICIOUS_MOVE = YES;
				CLANG_WARN_UNREACHABLE_CODE = YES;
				CLANG_WARN__DUPLICATE_METHOD_MATCH = YES;
				"CODE_SIGN_IDENTITY[sdk=iphoneos*]" = "iPhone Developer";
				COPY_PHASE_STRIP = NO;
				DEBUG_INFORMATION_FORMAT = "dwarf-with-dsym";
				ENABLE_NS_ASSERTIONS = NO;
				ENABLE_STRICT_OBJC_MSGSEND = YES;
				GCC_C_LANGUAGE_STANDARD = gnu99;
				GCC_NO_COMMON_BLOCKS = YES;
				GCC_WARN_64_TO_32_BIT_CONVERSION = YES;
				GCC_WARN_ABOUT_RETURN_TYPE = YES_ERROR;
				GCC_WARN_UNDECLARED_SELECTOR = YES;
				GCC_WARN_UNINITIALIZED_AUTOS = YES_AGGRESSIVE;
				GCC_WARN_UNUSED_FUNCTION = YES;
				GCC_WARN_UNUSED_VARIABLE = YES;
				IPHONEOS_DEPLOYMENT_TARGET = 10.2;
				MTL_ENABLE_DEBUG_INFO = NO;
				SDKROOT = iphoneos;
				SWIFT_OPTIMIZATION_LEVEL = "-Owholemodule";
				VALIDATE_PRODUCT = YES;
			};
			name = Release;
		};
		D8FF563C1E69AD9D00A99B75 /* Debug */ = {
			isa = XCBuildConfiguration;
			buildSettings = {
				ASSETCATALOG_COMPILER_APPICON_NAME = AppIcon;
				DEVELOPMENT_TEAM = F889M77EY9;
				INFOPLIST_FILE = TAGTaxiService/Info.plist;
				LD_RUNPATH_SEARCH_PATHS = "$(inherited) @executable_path/Frameworks";
				PRODUCT_BUNDLE_IDENTIFIER = com.MyCompany.TAGTaxiService;
				PRODUCT_NAME = "$(TARGET_NAME)";
				SWIFT_VERSION = 3.0;
			};
			name = Debug;
		};
		D8FF563D1E69AD9D00A99B75 /* Release */ = {
			isa = XCBuildConfiguration;
			buildSettings = {
				ASSETCATALOG_COMPILER_APPICON_NAME = AppIcon;
				DEVELOPMENT_TEAM = F889M77EY9;
				INFOPLIST_FILE = TAGTaxiService/Info.plist;
				LD_RUNPATH_SEARCH_PATHS = "$(inherited) @executable_path/Frameworks";
				PRODUCT_BUNDLE_IDENTIFIER = com.MyCompany.TAGTaxiService;
				PRODUCT_NAME = "$(TARGET_NAME)";
				SWIFT_VERSION = 3.0;
			};
			name = Release;
		};
/* End XCBuildConfiguration section */

/* Begin XCConfigurationList section */
		D8FF56241E69AD9D00A99B75 /* Build configuration list for PBXProject "TAGTaxiService" */ = {
			isa = XCConfigurationList;
			buildConfigurations = (
				D8FF56391E69AD9D00A99B75 /* Debug */,
				D8FF563A1E69AD9D00A99B75 /* Release */,
			);
			defaultConfigurationIsVisible = 0;
			defaultConfigurationName = Release;
		};
		D8FF563B1E69AD9D00A99B75 /* Build configuration list for PBXNativeTarget "TAGTaxiService" */ = {
			isa = XCConfigurationList;
			buildConfigurations = (
				D8FF563C1E69AD9D00A99B75 /* Debug */,
				D8FF563D1E69AD9D00A99B75 /* Release */,
			);
			defaultConfigurationIsVisible = 0;
		};
/* End XCConfigurationList section */
	};
	rootObject = D8FF56211E69AD9D00A99B75 /* Project object */;
}
